
Microsoft Visual Studio Solution File, Format Version 12.00
# Visual Studio Version 16
VisualStudioVersion = 16.6.30114.105
MinimumVisualStudioVersion = 10.0.40219.1
Project("{FAE04EC0-301F-11D3-BF4B-00C04F79EFBC}") = "Weather", "Weather\Weather.csproj", "{2598420A-054C-4207-B3A9-116F045F8361}"
EndProject
Project("{FAE04EC0-301F-11D3-BF4B-00C04F79EFBC}") = "Weather.Alerm", "Weather.Alerm\Weather.Alerm.csproj", "{46C1DB2C-71F9-4CDC-ADA9-6E5FEDB9F460}"
EndProject
Global
	GlobalSection(SolutionConfigurationPlatforms) = preSolution
		Debug|Any CPU = Debug|Any CPU
		Debug|x64 = Debug|x64
		Debug|x86 = Debug|x86
		Release|Any CPU = Release|Any CPU
		Release|x64 = Release|x64
		Release|x86 = Release|x86
	EndGlobalSection
	GlobalSection(SolutionProperties) = preSolution
		HideSolutionNode = FALSE
	EndGlobalSection
	GlobalSection(ProjectConfigurationPlatforms) = postSolution
		{2598420A-054C-4207-B3A9-116F045F8361}.Debug|Any CPU.ActiveCfg = Debug|Any CPU
		{2598420A-054C-4207-B3A9-116F045F8361}.Debug|Any CPU.Build.0 = Debug|Any CPU
		{2598420A-054C-4207-B3A9-116F045F8361}.Debug|x64.ActiveCfg = Debug|Any CPU
		{2598420A-054C-4207-B3A9-116F045F8361}.Debug|x64.Build.0 = Debug|Any CPU
		{2598420A-054C-4207-B3A9-116F045F8361}.Debug|x86.ActiveCfg = Debug|Any CPU
		{2598420A-054C-4207-B3A9-116F045F8361}.Debug|x86.Build.0 = Debug|Any CPU
		{2598420A-054C-4207-B3A9-116F045F8361}.Release|Any CPU.ActiveCfg = Release|Any CPU
		{2598420A-054C-4207-B3A9-116F045F8361}.Release|Any CPU.Build.0 = Release|Any CPU
		{2598420A-054C-4207-B3A9-116F045F8361}.Release|x64.ActiveCfg = Release|Any CPU
		{2598420A-054C-4207-B3A9-116F045F8361}.Release|x64.Build.0 = Release|Any CPU
		{2598420A-054C-4207-B3A9-116F045F8361}.Release|x86.ActiveCfg = Release|Any CPU
		{2598420A-054C-4207-B3A9-116F045F8361}.Release|x86.Build.0 = Release|Any CPU
		{46C1DB2C-71F9-4CDC-ADA9-6E5FEDB9F460}.Debug|Any CPU.ActiveCfg = Debug|Any CPU
		{46C1DB2C-71F9-4CDC-ADA9-6E5FEDB9F460}.Debug|Any CPU.Build.0 = Debug|Any CPU
		{46C1DB2C-71F9-4CDC-ADA9-6E5FEDB9F460}.Debug|x64.ActiveCfg = Debug|Any CPU
		{46C1DB2C-71F9-4CDC-ADA9-6E5FEDB9F460}.Debug|x64.Build.0 = Debug|Any CPU
		{46C1DB2C-71F9-4CDC-ADA9-6E5FEDB9F460}.Debug|x86.ActiveCfg = Debug|Any CPU
		{46C1DB2C-71F9-4CDC-ADA9-6E5FEDB9F460}.Debug|x86.Build.0 = Debug|Any CPU
		{46C1DB2C-71F9-4CDC-ADA9-6E5FEDB9F460}.Release|Any CPU.ActiveCfg = Release|Any CPU
		{46C1DB2C-71F9-4CDC-ADA9-6E5FEDB9F460}.Release|Any CPU.Build.0 = Release|Any CPU
		{46C1DB2C-71F9-4CDC-ADA9-6E5FEDB9F460}.Release|x64.ActiveCfg = Release|Any CPU
		{46C1DB2C-71F9-4CDC-ADA9-6E5FEDB9F460}.Release|x64.Build.0 = Release|Any CPU
		{46C1DB2C-71F9-4CDC-ADA9-6E5FEDB9F460}.Release|x86.ActiveCfg = Release|Any CPU
		{46C1DB2C-71F9-4CDC-ADA9-6E5FEDB9F460}.Release|x86.Build.0 = Release|Any CPU
	EndGlobalSection
EndGlobal
